
Microsoft Visual Studio Solution File, Format Version 12.00
# Visual Studio Version 16
VisualStudioVersion = 16.0.31624.102
MinimumVisualStudioVersion = 10.0.40219.1
Project("{9A19103F-16F7-4668-BE54-9A1E7A4F7556}") = "GrundlagenCSharp", "GrundlagenCSharp\GrundlagenCSharp.csproj", "{9359EC4F-56D7-41FD-B90B-9553524B3BB4}"
EndProject
Project("{9A19103F-16F7-4668-BE54-9A1E7A4F7556}") = "Finanztabelle", "Finanztabelle\Finanztabelle.csproj", "{BAC86730-AC35-45E6-A603-C8BEE031AB54}"
EndProject
Project("{9A19103F-16F7-4668-BE54-9A1E7A4F7556}") = "Array_Noten", "Array_Noten\Array_Noten.csproj", "{DE3C9807-5A84-4A6F-8056-A6E5B1D121E5}"
EndProject
Project("{9A19103F-16F7-4668-BE54-9A1E7A4F7556}") = "Methoden Implementieren", "Methoden Implementieren\Methoden Implementieren.csproj", "{79C8C054-7A24-43F7-BD68-94DB96A8ED51}"
EndProject
Project("{FAE04EC0-301F-11D3-BF4B-00C04F79EFBC}") = "Hotelgästeplan", "Hotelgästeplan\Hotelgästeplan.csproj", "{24B90E29-F95E-45D4-93D7-442122B9999D}"
EndProject
Global
	GlobalSection(SolutionConfigurationPlatforms) = preSolution
		Debug|Any CPU = Debug|Any CPU
		Release|Any CPU = Release|Any CPU
	EndGlobalSection
	GlobalSection(ProjectConfigurationPlatforms) = postSolution
		{9359EC4F-56D7-41FD-B90B-9553524B3BB4}.Debug|Any CPU.ActiveCfg = Debug|Any CPU
		{9359EC4F-56D7-41FD-B90B-9553524B3BB4}.Debug|Any CPU.Build.0 = Debug|Any CPU
		{9359EC4F-56D7-41FD-B90B-9553524B3BB4}.Release|Any CPU.ActiveCfg = Release|Any CPU
		{9359EC4F-56D7-41FD-B90B-9553524B3BB4}.Release|Any CPU.Build.0 = Release|Any CPU
		{BAC86730-AC35-45E6-A603-C8BEE031AB54}.Debug|Any CPU.ActiveCfg = Debug|Any CPU
		{BAC86730-AC35-45E6-A603-C8BEE031AB54}.Debug|Any CPU.Build.0 = Debug|Any CPU
		{BAC86730-AC35-45E6-A603-C8BEE031AB54}.Release|Any CPU.ActiveCfg = Release|Any CPU
		{BAC86730-AC35-45E6-A603-C8BEE031AB54}.Release|Any CPU.Build.0 = Release|Any CPU
		{DE3C9807-5A84-4A6F-8056-A6E5B1D121E5}.Debug|Any CPU.ActiveCfg = Debug|Any CPU
		{DE3C9807-5A84-4A6F-8056-A6E5B1D121E5}.Debug|Any CPU.Build.0 = Debug|Any CPU
		{DE3C9807-5A84-4A6F-8056-A6E5B1D121E5}.Release|Any CPU.ActiveCfg = Release|Any CPU
		{DE3C9807-5A84-4A6F-8056-A6E5B1D121E5}.Release|Any CPU.Build.0 = Release|Any CPU
		{79C8C054-7A24-43F7-BD68-94DB96A8ED51}.Debug|Any CPU.ActiveCfg = Debug|Any CPU
		{79C8C054-7A24-43F7-BD68-94DB96A8ED51}.Debug|Any CPU.Build.0 = Debug|Any CPU
		{79C8C054-7A24-43F7-BD68-94DB96A8ED51}.Release|Any CPU.ActiveCfg = Release|Any CPU
		{79C8C054-7A24-43F7-BD68-94DB96A8ED51}.Release|Any CPU.Build.0 = Release|Any CPU
		{24B90E29-F95E-45D4-93D7-442122B9999D}.Debug|Any CPU.ActiveCfg = Debug|Any CPU
		{24B90E29-F95E-45D4-93D7-442122B9999D}.Debug|Any CPU.Build.0 = Debug|Any CPU
		{24B90E29-F95E-45D4-93D7-442122B9999D}.Release|Any CPU.ActiveCfg = Release|Any CPU
		{24B90E29-F95E-45D4-93D7-442122B9999D}.Release|Any CPU.Build.0 = Release|Any CPU
	EndGlobalSection
	GlobalSection(SolutionProperties) = preSolution
		HideSolutionNode = FALSE
	EndGlobalSection
	GlobalSection(ExtensibilityGlobals) = postSolution
		SolutionGuid = {E5CD4446-26A4-49DC-8B85-5C973002FB66}
	EndGlobalSection
EndGlobal
